Microsoft Visual Studio Solution File, Format Version 12.00
# Visual Studio Version 17
VisualStudioVersion = 17.5.2.0
MinimumVisualStudioVersion = 10.0.40219.1
Project("{FAE04EC0-301F-11D3-BF4B-00C04F79EFBC}") = "Mini Login", "Mini Login.csproj", "{87737532-21CC-456B-A4D7-A8F8765A4913}"
EndProject
Global
	GlobalSection(SolutionConfigurationPlatforms) = preSolution
		Debug|Any CPU = Debug|Any CPU
		Release|Any CPU = Release|Any CPU
	EndGlobalSection
	GlobalSection(ProjectConfigurationPlatforms) = postSolution
		{87737532-21CC-456B-A4D7-A8F8765A4913}.Debug|Any CPU.ActiveCfg = Debug|Any CPU
		{87737532-21CC-456B-A4D7-A8F8765A4913}.Debug|Any CPU.Build.0 = Debug|Any CPU
		{87737532-21CC-456B-A4D7-A8F8765A4913}.Release|Any CPU.ActiveCfg = Release|Any CPU
		{87737532-21CC-456B-A4D7-A8F8765A4913}.Release|Any CPU.Build.0 = Release|Any CPU
	EndGlobalSection
	GlobalSection(SolutionProperties) = preSolution
		HideSolutionNode = FALSE
	EndGlobalSection
	GlobalSection(ExtensibilityGlobals) = postSolution
		SolutionGuid = {7399CE6F-9849-4553-A529-03068146058A}
	EndGlobalSection
EndGlobal
